
Microsoft Visual Studio Solution File, Format Version 12.00
# Visual Studio Version 16
VisualStudioVersion = 16.0.31613.86
MinimumVisualStudioVersion = 10.0.40219.1
Project("{FAE04EC0-301F-11D3-BF4B-00C04F79EFBC}") = "ModelFirst", "ModelFirst\ModelFirst.csproj", "{07ABE237-7630-402D-AD2E-724876E79F53}"
EndProject
Global
	GlobalSection(SolutionConfigurationPlatforms) = preSolution
		Debug|Any CPU = Debug|Any CPU
		Release|Any CPU = Release|Any CPU
	EndGlobalSection
	GlobalSection(ProjectConfigurationPlatforms) = postSolution
		{07ABE237-7630-402D-AD2E-724876E79F53}.Debug|Any CPU.ActiveCfg = Debug|Any CPU
		{07ABE237-7630-402D-AD2E-724876E79F53}.Debug|Any CPU.Build.0 = Debug|Any CPU
		{07ABE237-7630-402D-AD2E-724876E79F53}.Release|Any CPU.ActiveCfg = Release|Any CPU
		{07ABE237-7630-402D-AD2E-724876E79F53}.Release|Any CPU.Build.0 = Release|Any CPU
	EndGlobalSection
	GlobalSection(SolutionProperties) = preSolution
		HideSolutionNode = FALSE
	EndGlobalSection
	GlobalSection(ExtensibilityGlobals) = postSolution
		SolutionGuid = {801EB349-B61B-47A8-975A-D855A7ED8D5F}
	EndGlobalSection
EndGlobal
