
Microsoft Visual Studio Solution File, Format Version 12.00
# Visual Studio Version 16
VisualStudioVersion = 16.0.31515.178
MinimumVisualStudioVersion = 10.0.40219.1
Project("{FAE04EC0-301F-11D3-BF4B-00C04F79EFBC}") = "Dia 3 del 8 CON LINQ", "Dia 3 del 8 CON LINQ\Dia 3 del 8 CON LINQ.csproj", "{E6087597-F96A-4A9B-8D8B-FCA9247053AF}"
EndProject
Global
	GlobalSection(SolutionConfigurationPlatforms) = preSolution
		Debug|Any CPU = Debug|Any CPU
		Release|Any CPU = Release|Any CPU
	EndGlobalSection
	GlobalSection(ProjectConfigurationPlatforms) = postSolution
		{E6087597-F96A-4A9B-8D8B-FCA9247053AF}.Debug|Any CPU.ActiveCfg = Debug|Any CPU
		{E6087597-F96A-4A9B-8D8B-FCA9247053AF}.Debug|Any CPU.Build.0 = Debug|Any CPU
		{E6087597-F96A-4A9B-8D8B-FCA9247053AF}.Release|Any CPU.ActiveCfg = Release|Any CPU
		{E6087597-F96A-4A9B-8D8B-FCA9247053AF}.Release|Any CPU.Build.0 = Release|Any CPU
	EndGlobalSection
	GlobalSection(SolutionProperties) = preSolution
		HideSolutionNode = FALSE
	EndGlobalSection
	GlobalSection(ExtensibilityGlobals) = postSolution
		SolutionGuid = {56575E8D-2265-45C0-B378-79F39F930E08}
	EndGlobalSection
EndGlobal
