
Microsoft Visual Studio Solution File, Format Version 12.00
# Visual Studio Version 16
VisualStudioVersion = 16.0.31613.86
MinimumVisualStudioVersion = 10.0.40219.1
Project("{FAE04EC0-301F-11D3-BF4B-00C04F79EFBC}") = "EntornoASP", "EntornoASP\EntornoASP.csproj", "{633BC5A0-DEF0-4449-8ADF-75E2F0540300}"
EndProject
Global
	GlobalSection(SolutionConfigurationPlatforms) = preSolution
		Debug|Any CPU = Debug|Any CPU
		Release|Any CPU = Release|Any CPU
	EndGlobalSection
	GlobalSection(ProjectConfigurationPlatforms) = postSolution
		{633BC5A0-DEF0-4449-8ADF-75E2F0540300}.Debug|Any CPU.ActiveCfg = Debug|Any CPU
		{633BC5A0-DEF0-4449-8ADF-75E2F0540300}.Debug|Any CPU.Build.0 = Debug|Any CPU
		{633BC5A0-DEF0-4449-8ADF-75E2F0540300}.Release|Any CPU.ActiveCfg = Release|Any CPU
		{633BC5A0-DEF0-4449-8ADF-75E2F0540300}.Release|Any CPU.Build.0 = Release|Any CPU
	EndGlobalSection
	GlobalSection(SolutionProperties) = preSolution
		HideSolutionNode = FALSE
	EndGlobalSection
	GlobalSection(ExtensibilityGlobals) = postSolution
		SolutionGuid = {302307D9-BDEA-458F-A18E-CCD2F1C922D3}
	EndGlobalSection
EndGlobal
