
Microsoft Visual Studio Solution File, Format Version 12.00
# Visual Studio Version 16
VisualStudioVersion = 16.0.31424.327
MinimumVisualStudioVersion = 10.0.40219.1
Project("{FAE04EC0-301F-11D3-BF4B-00C04F79EFBC}") = "Consola Gestion de un zoologico", "Consola Gestion de un zoologico\Consola Gestion de un zoologico.csproj", "{C1F1BE81-ACAC-4165-90F7-05455ABDEE7D}"
EndProject
Global
	GlobalSection(SolutionConfigurationPlatforms) = preSolution
		Debug|Any CPU = Debug|Any CPU
		Release|Any CPU = Release|Any CPU
	EndGlobalSection
	GlobalSection(ProjectConfigurationPlatforms) = postSolution
		{C1F1BE81-ACAC-4165-90F7-05455ABDEE7D}.Debug|Any CPU.ActiveCfg = Debug|Any CPU
		{C1F1BE81-ACAC-4165-90F7-05455ABDEE7D}.Debug|Any CPU.Build.0 = Debug|Any CPU
		{C1F1BE81-ACAC-4165-90F7-05455ABDEE7D}.Release|Any CPU.ActiveCfg = Release|Any CPU
		{C1F1BE81-ACAC-4165-90F7-05455ABDEE7D}.Release|Any CPU.Build.0 = Release|Any CPU
	EndGlobalSection
	GlobalSection(SolutionProperties) = preSolution
		HideSolutionNode = FALSE
	EndGlobalSection
	GlobalSection(ExtensibilityGlobals) = postSolution
		SolutionGuid = {A6032170-D837-4EFF-AB76-31F21238F927}
	EndGlobalSection
EndGlobal
