
Microsoft Visual Studio Solution File, Format Version 12.00
# Visual Studio Version 16
VisualStudioVersion = 16.0.31613.86
MinimumVisualStudioVersion = 10.0.40219.1
Project("{FAE04EC0-301F-11D3-BF4B-00C04F79EFBC}") = "viernesORO", "viernesORO\viernesORO.csproj", "{FE6E7EE6-29FB-4B90-92B9-6B0A114A1D7B}"
EndProject
Global
	GlobalSection(SolutionConfigurationPlatforms) = preSolution
		Debug|Any CPU = Debug|Any CPU
		Release|Any CPU = Release|Any CPU
	EndGlobalSection
	GlobalSection(ProjectConfigurationPlatforms) = postSolution
		{FE6E7EE6-29FB-4B90-92B9-6B0A114A1D7B}.Debug|Any CPU.ActiveCfg = Debug|Any CPU
		{FE6E7EE6-29FB-4B90-92B9-6B0A114A1D7B}.Debug|Any CPU.Build.0 = Debug|Any CPU
		{FE6E7EE6-29FB-4B90-92B9-6B0A114A1D7B}.Release|Any CPU.ActiveCfg = Release|Any CPU
		{FE6E7EE6-29FB-4B90-92B9-6B0A114A1D7B}.Release|Any CPU.Build.0 = Release|Any CPU
	EndGlobalSection
	GlobalSection(SolutionProperties) = preSolution
		HideSolutionNode = FALSE
	EndGlobalSection
	GlobalSection(ExtensibilityGlobals) = postSolution
		SolutionGuid = {D8E856C6-1FA2-4F85-9D0E-1F0B4F001B16}
	EndGlobalSection
EndGlobal
