
Microsoft Visual Studio Solution File, Format Version 12.00
# Visual Studio Version 16
VisualStudioVersion = 16.0.31613.86
MinimumVisualStudioVersion = 10.0.40219.1
Project("{FAE04EC0-301F-11D3-BF4B-00C04F79EFBC}") = "Razor2", "Razor2\Razor2.csproj", "{7B0BE52B-80C1-4EEE-8CD2-F5F087F197CE}"
EndProject
Global
	GlobalSection(SolutionConfigurationPlatforms) = preSolution
		Debug|Any CPU = Debug|Any CPU
		Release|Any CPU = Release|Any CPU
	EndGlobalSection
	GlobalSection(ProjectConfigurationPlatforms) = postSolution
		{7B0BE52B-80C1-4EEE-8CD2-F5F087F197CE}.Debug|Any CPU.ActiveCfg = Debug|Any CPU
		{7B0BE52B-80C1-4EEE-8CD2-F5F087F197CE}.Debug|Any CPU.Build.0 = Debug|Any CPU
		{7B0BE52B-80C1-4EEE-8CD2-F5F087F197CE}.Release|Any CPU.ActiveCfg = Release|Any CPU
		{7B0BE52B-80C1-4EEE-8CD2-F5F087F197CE}.Release|Any CPU.Build.0 = Release|Any CPU
	EndGlobalSection
	GlobalSection(SolutionProperties) = preSolution
		HideSolutionNode = FALSE
	EndGlobalSection
	GlobalSection(ExtensibilityGlobals) = postSolution
		SolutionGuid = {EF311C28-D64F-4BB9-A845-C05ECEBD6436}
	EndGlobalSection
EndGlobal
