
Microsoft Visual Studio Solution File, Format Version 12.00
# Visual Studio Version 16
VisualStudioVersion = 16.0.31613.86
MinimumVisualStudioVersion = 10.0.40219.1
Project("{FAE04EC0-301F-11D3-BF4B-00C04F79EFBC}") = "ASP_MASTER_PAGE", "ASP_MASTER_PAGE\ASP_MASTER_PAGE.csproj", "{2C910034-F58E-4A71-B076-299218DCB958}"
EndProject
Global
	GlobalSection(SolutionConfigurationPlatforms) = preSolution
		Debug|Any CPU = Debug|Any CPU
		Release|Any CPU = Release|Any CPU
	EndGlobalSection
	GlobalSection(ProjectConfigurationPlatforms) = postSolution
		{2C910034-F58E-4A71-B076-299218DCB958}.Debug|Any CPU.ActiveCfg = Debug|Any CPU
		{2C910034-F58E-4A71-B076-299218DCB958}.Debug|Any CPU.Build.0 = Debug|Any CPU
		{2C910034-F58E-4A71-B076-299218DCB958}.Release|Any CPU.ActiveCfg = Release|Any CPU
		{2C910034-F58E-4A71-B076-299218DCB958}.Release|Any CPU.Build.0 = Release|Any CPU
	EndGlobalSection
	GlobalSection(SolutionProperties) = preSolution
		HideSolutionNode = FALSE
	EndGlobalSection
	GlobalSection(ExtensibilityGlobals) = postSolution
		SolutionGuid = {7F73ECF7-265C-4E0D-AA2F-2D16CFD718D8}
	EndGlobalSection
EndGlobal
