
Microsoft Visual Studio Solution File, Format Version 12.00
# Visual Studio Version 16
VisualStudioVersion = 16.0.31613.86
MinimumVisualStudioVersion = 10.0.40219.1
Project("{FAE04EC0-301F-11D3-BF4B-00C04F79EFBC}") = "CuestionarioASP_NET", "CuestionarioASP_NET\CuestionarioASP_NET.csproj", "{C6039A0B-6A8A-45C2-AC09-5FD85FC01E44}"
EndProject
Global
	GlobalSection(SolutionConfigurationPlatforms) = preSolution
		Debug|Any CPU = Debug|Any CPU
		Release|Any CPU = Release|Any CPU
	EndGlobalSection
	GlobalSection(ProjectConfigurationPlatforms) = postSolution
		{C6039A0B-6A8A-45C2-AC09-5FD85FC01E44}.Debug|Any CPU.ActiveCfg = Debug|Any CPU
		{C6039A0B-6A8A-45C2-AC09-5FD85FC01E44}.Debug|Any CPU.Build.0 = Debug|Any CPU
		{C6039A0B-6A8A-45C2-AC09-5FD85FC01E44}.Release|Any CPU.ActiveCfg = Release|Any CPU
		{C6039A0B-6A8A-45C2-AC09-5FD85FC01E44}.Release|Any CPU.Build.0 = Release|Any CPU
	EndGlobalSection
	GlobalSection(SolutionProperties) = preSolution
		HideSolutionNode = FALSE
	EndGlobalSection
	GlobalSection(ExtensibilityGlobals) = postSolution
		SolutionGuid = {945206E7-FCCA-448E-A8CD-BC6A518E478D}
	EndGlobalSection
EndGlobal
