
Microsoft Visual Studio Solution File, Format Version 12.00
# Visual Studio Version 16
VisualStudioVersion = 16.0.31613.86
MinimumVisualStudioVersion = 10.0.40219.1
Project("{FAE04EC0-301F-11D3-BF4B-00C04F79EFBC}") = "MVCEntity", "MVCEntity\MVCEntity.csproj", "{E67E20DA-FF95-4126-A07E-18CE0B0C5CDF}"
EndProject
Global
	GlobalSection(SolutionConfigurationPlatforms) = preSolution
		Debug|Any CPU = Debug|Any CPU
		Release|Any CPU = Release|Any CPU
	EndGlobalSection
	GlobalSection(ProjectConfigurationPlatforms) = postSolution
		{E67E20DA-FF95-4126-A07E-18CE0B0C5CDF}.Debug|Any CPU.ActiveCfg = Debug|Any CPU
		{E67E20DA-FF95-4126-A07E-18CE0B0C5CDF}.Debug|Any CPU.Build.0 = Debug|Any CPU
		{E67E20DA-FF95-4126-A07E-18CE0B0C5CDF}.Release|Any CPU.ActiveCfg = Release|Any CPU
		{E67E20DA-FF95-4126-A07E-18CE0B0C5CDF}.Release|Any CPU.Build.0 = Release|Any CPU
	EndGlobalSection
	GlobalSection(SolutionProperties) = preSolution
		HideSolutionNode = FALSE
	EndGlobalSection
	GlobalSection(ExtensibilityGlobals) = postSolution
		SolutionGuid = {36126BC4-FB90-40E8-9DA8-734D84A3B04C}
	EndGlobalSection
EndGlobal
